// !$*UTF8*$!
{
	archiveVersion = 1;
	classes = {
	};
	objectVersion = 50;
	objects = {

/* Begin PBXBuildFile section */
		521A61CF243D35B600E298D3 /* AppDelegate.swift in Sources */ = {isa = PBXBuildFile; fileRef = 521A61CE243D35B600E298D3 /* AppDelegate.swift */; };
		521A61D1243D35B600E298D3 /* SceneDelegate.swift in Sources */ = {isa = PBXBuildFile; fileRef = 521A61D0243D35B600E298D3 /* SceneDelegate.swift */; };
		521A61D3243D35B600E298D3 /* WelcomeVC.swift in Sources */ = {isa = PBXBuildFile; fileRef = 521A61D2243D35B600E298D3 /* WelcomeVC.swift */; };
		521A61D6243D35B600E298D3 /* Main.storyboard in Resources */ = {isa = PBXBuildFile; fileRef = 521A61D4243D35B600E298D3 /* Main.storyboard */; };
		521A61D8243D35B700E298D3 /* Assets.xcassets in Resources */ = {isa = PBXBuildFile; fileRef = 521A61D7243D35B700E298D3 /* Assets.xcassets */; };
		521A61DB243D35B700E298D3 /* LaunchScreen.storyboard in Resources */ = {isa = PBXBuildFile; fileRef = 521A61D9243D35B700E298D3 /* LaunchScreen.storyboard */; };
		52986856243D3AC700324CA2 /* SettingsVC.swift in Sources */ = {isa = PBXBuildFile; fileRef = 52986855243D3AC700324CA2 /* SettingsVC.swift */; };
		52986858243D3BC400324CA2 /* Settings.swift in Sources */ = {isa = PBXBuildFile; fileRef = 52986857243D3BC400324CA2 /* Settings.swift */; };
/* End PBXBuildFile section */

/* Begin PBXFileReference section */
		521A61CB243D35B600E298D3 /* KVO-IOS_Project.app */ = {isa = PBXFileReference; explicitFileType = wrapper.application; includeInIndex = 0; path = "KVO-IOS_Project.app"; sourceTree = BUILT_PRODUCTS_DIR; };
		521A61CE243D35B600E298D3 /* AppDelegate.swift */ = {isa = PBXFileReference; lastKnownFileType = sourcecode.swift; path = AppDelegate.swift; sourceTree = "<group>"; };
		521A61D0243D35B600E298D3 /* SceneDelegate.swift */ = {isa = PBXFileReference; lastKnownFileType = sourcecode.swift; path = SceneDelegate.swift; sourceTree = "<group>"; };
		521A61D2243D35B600E298D3 /* WelcomeVC.swift */ = {isa = PBXFileReference; lastKnownFileType = sourcecode.swift; path = WelcomeVC.swift; sourceTree = "<group>"; };
		521A61D5243D35B600E298D3 /* Base */ = {isa = PBXFileReference; lastKnownFileType = file.storyboard; name = Base; path = Base.lproj/Main.storyboard; sourceTree = "<group>"; };
		521A61D7243D35B700E298D3 /* Assets.xcassets */ = {isa = PBXFileReference; lastKnownFileType = folder.assetcatalog; path = Assets.xcassets; sourceTree = "<group>"; };
		521A61DA243D35B700E298D3 /* Base */ = {isa = PBXFileReference; lastKnownFileType = file.storyboard; name = Base; path = Base.lproj/LaunchScreen.storyboard; sourceTree = "<group>"; };
		521A61DC243D35B700E298D3 /* Info.plist */ = {isa = PBXFileReference; lastKnownFileType = text.plist.xml; path = Info.plist; sourceTree = "<group>"; };
		52986855243D3AC700324CA2 /* SettingsVC.swift */ = {isa = PBXFileReference; lastKnownFileType = sourcecode.swift; path = SettingsVC.swift; sourceTree = "<group>"; };
		52986857243D3BC400324CA2 /* Settings.swift */ = {isa = PBXFileReference; lastKnownFileType = sourcecode.swift; path = Settings.swift; sourceTree = "<group>"; };
/* End PBXFileReference section */

/* Begin PBXFrameworksBuildPhase section */
		521A61C8243D35B600E298D3 /* Frameworks */ = {
			isa = PBXFrameworksBuildPhase;
			buildActionMask = 2147483647;
			files = (
			);
			runOnlyForDeploymentPostprocessing = 0;
		};
/* End PBXFrameworksBuildPhase section */

/* Begin PBXGroup section */
		521A61C2243D35B600E298D3 = {
			isa = PBXGroup;
			children = (
				521A61CD243D35B600E298D3 /* KVO-IOS_Project */,
				521A61CC243D35B600E298D3 /* Products */,
			);
			sourceTree = "<group>";
		};
		521A61CC243D35B600E298D3 /* Products */ = {
			isa = PBXGroup;
			children = (
				521A61CB243D35B600E298D3 /* KVO-IOS_Project.app */,
			);
			name = Products;
			sourceTree = "<group>";
		};
		521A61CD243D35B600E298D3 /* KVO-IOS_Project */ = {
			isa = PBXGroup;
			children = (
				521A61CE243D35B600E298D3 /* AppDelegate.swift */,
				521A61D0243D35B600E298D3 /* SceneDelegate.swift */,
				521A61D2243D35B600E298D3 /* WelcomeVC.swift */,
				52986857243D3BC400324CA2 /* Settings.swift */,
				521A61D4243D35B600E298D3 /* Main.storyboard */,
				521A61D7243D35B700E298D3 /* Assets.xcassets */,
				521A61D9243D35B700E298D3 /* LaunchScreen.storyboard */,
				521A61DC243D35B700E298D3 /* Info.plist */,
				52986855243D3AC700324CA2 /* SettingsVC.swift */,
			);
			path = "KVO-IOS_Project";
			sourceTree = "<group>";
		};
/* End PBXGroup section */

/* Begin PBXNativeTarget section */
		521A61CA243D35B600E298D3 /* KVO-IOS_Project */ = {
			isa = PBXNativeTarget;
			buildConfigurationList = 521A61DF243D35B700E298D3 /* Build configuration list for PBXNativeTarget "KVO-IOS_Project" */;
			buildPhases = (
				521A61C7243D35B600E298D3 /* Sources */,
				521A61C8243D35B600E298D3 /* Frameworks */,
				521A61C9243D35B600E298D3 /* Resources */,
			);
			buildRules = (
			);
			dependencies = (
			);
			name = "KVO-IOS_Project";
			productName = "KVO-IOS_Project";
			productReference = 521A61CB243D35B600E298D3 /* KVO-IOS_Project.app */;
			productType = "com.apple.product-type.application";
		};
/* End PBXNativeTarget section */

/* Begin PBXProject section */
		521A61C3243D35B600E298D3 /* Project object */ = {
			isa = PBXProject;
			attributes = {
				LastSwiftUpdateCheck = 1140;
				LastUpgradeCheck = 1140;
				ORGANIZATIONNAME = "Tsering Lama";
				TargetAttributes = {
					521A61CA243D35B600E298D3 = {
						CreatedOnToolsVersion = 11.4;
					};
				};
			};
			buildConfigurationList = 521A61C6243D35B600E298D3 /* Build configuration list for PBXProject "KVO-IOS_Project" */;
			compatibilityVersion = "Xcode 9.3";
			developmentRegion = en;
			hasScannedForEncodings = 0;
			knownRegions = (
				en,
				Base,
			);
			mainGroup = 521A61C2243D35B600E298D3;
			productRefGroup = 521A61CC243D35B600E298D3 /* Products */;
			projectDirPath = "";
			projectRoot = "";
			targets = (
				521A61CA243D35B600E298D3 /* KVO-IOS_Project */,
			);
		};
/* End PBXProject section */

/* Begin PBXResourcesBuildPhase section */
		521A61C9243D35B600E298D3 /* Resources */ = {
			isa = PBXResourcesBuildPhase;
			buildActionMask = 2147483647;
			files = (
				521A61DB243D35B700E298D3 /* LaunchScreen.storyboard in Resources */,
				521A61D8243D35B700E298D3 /* Assets.xcassets in Resources */,
				521A61D6243D35B600E298D3 /* Main.storyboard in Resources */,
			);
			runOnlyForDeploymentPostprocessing = 0;
		};
/* End PBXResourcesBuildPhase section */

/* Begin PBXSourcesBuildPhase section */
		521A61C7243D35B600E298D3 /* Sources */ = {
			isa = PBXSourcesBuildPhase;
			buildActionMask = 2147483647;
			files = (
				521A61D3243D35B600E298D3 /* WelcomeVC.swift in Sources */,
				52986856243D3AC700324CA2 /* SettingsVC.swift in Sources */,
				521A61CF243D35B600E298D3 /* AppDelegate.swift in Sources */,
				521A61D1243D35B600E298D3 /* SceneDelegate.swift in Sources */,
				52986858243D3BC400324CA2 /* Settings.swift in Sources */,
			);
			runOnlyForDeploymentPostprocessing = 0;
		};
/* End PBXSourcesBuildPhase section */

/* Begin PBXVariantGroup section */
		521A61D4243D35B600E298D3 /* Main.storyboard */ = {
			isa = PBXVariantGroup;
			children = (
				521A61D5243D35B600E298D3 /* Base */,
			);
			name = Main.storyboard;
			sourceTree = "<group>";
		};
		521A61D9243D35B700E298D3 /* LaunchScreen.storyboard */ = {
			isa = PBXVariantGroup;
			children = (
				521A61DA243D35B700E298D3 /* Base */,
			);
			name = LaunchScreen.storyboard;
			sourceTree = "<group>";
		};
/* End PBXVariantGroup section */

/* Begin XCBuildConfiguration section */
		521A61DD243D35B700E298D3 /* Debug */ = {
			isa = XCBuildConfiguration;
			buildSettings = {
				ALWAYS_SEARCH_USER_PATHS = NO;
				CLANG_ANALYZER_NONNULL = YES;
				CLANG_ANALYZER_NUMBER_OBJECT_CONVERSION = YES_AGGRESSIVE;
				CLANG_CXX_LANGUAGE_STANDARD = "gnu++14";
				CLANG_CXX_LIBRARY = "libc++";
				CLANG_ENABLE_MODULES = YES;
				CLANG_ENABLE_OBJC_ARC = YES;
				CLANG_ENABLE_OBJC_WEAK = YES;
				CLANG_WARN_BLOCK_CAPTURE_AUTORELEASING = YES;
				CLANG_WARN_BOOL_CONVERSION = YES;
				CLANG_WARN_COMMA = YES;
				CLANG_WARN_CONSTANT_CONVERSION = YES;
				CLANG_WARN_DEPRECATED_OBJC_IMPLEMENTATIONS = YES;
				CLANG_WARN_DIRECT_OBJC_ISA_USAGE = YES_ERROR;
				CLANG_WARN_DOCUMENTATION_COMMENTS = YES;
				CLANG_WARN_EMPTY_BODY = YES;
				CLANG_WARN_ENUM_CONVERSION = YES;
				CLANG_WARN_INFINITE_RECURSION = YES;
				CLANG_WARN_INT_CONVERSION = YES;
				CLANG_WARN_NON_LITERAL_NULL_CONVERSION = YES;
				CLANG_WARN_OBJC_IMPLICIT_RETAIN_SELF = YES;
				CLANG_WARN_OBJC_LITERAL_CONVERSION = YES;
				CLANG_WARN_OBJC_ROOT_CLASS = YES_ERROR;
				CLANG_WARN_RANGE_LOOP_ANALYSIS = YES;
				CLANG_WARN_STRICT_PROTOTYPES = YES;
				CLANG_WARN_SUSPICIOUS_MOVE = YES;
				CLANG_WARN_UNGUARDED_AVAILABILITY = YES_AGGRESSIVE;
				CLANG_WARN_UNREACHABLE_CODE = YES;
				CLANG_WARN__DUPLICATE_METHOD_MATCH = YES;
				COPY_PHASE_STRIP = NO;
				DEBUG_INFORMATION_FORMAT = dwarf;
				ENABLE_STRICT_OBJC_MSGSEND = YES;
				ENABLE_TESTABILITY = YES;
				GCC_C_LANGUAGE_STANDARD = gnu11;
				GCC_DYNAMIC_NO_PIC = NO;
				GCC_NO_COMMON_BLOCKS = YES;
				GCC_OPTIMIZATION_LEVEL = 0;
				GCC_PREPROCESSOR_DEFINITIONS = (
					"DEBUG=1",
					"$(inherited)",
				);
				GCC_WARN_64_TO_32_BIT_CONVERSION = YES;
				GCC_WARN_ABOUT_RETURN_TYPE = YES_ERROR;
				GCC_WARN_UNDECLARED_SELECTOR = YES;
				GCC_WARN_UNINITIALIZED_AUTOS = YES_AGGRESSIVE;
				GCC_WARN_UNUSED_FUNCTION = YES;
				GCC_WARN_UNUSED_VARIABLE = YES;
				IPHONEOS_DEPLOYMENT_TARGET = 13.4;
				MTL_ENABLE_DEBUG_INFO = INCLUDE_SOURCE;
				MTL_FAST_MATH = YES;
				ONLY_ACTIVE_ARCH = YES;
				SDKROOT = iphoneos;
				SWIFT_ACTIVE_COMPILATION_CONDITIONS = DEBUG;
				SWIFT_OPTIMIZATION_LEVEL = "-Onone";
			};
			name = Debug;
		};
		521A61DE243D35B700E298D3 /* Release */ = {
			isa = XCBuildConfiguration;
			buildSettings = {
				ALWAYS_SEARCH_USER_PATHS = NO;
				CLANG_ANALYZER_NONNULL = YES;
				CLANG_ANALYZER_NUMBER_OBJECT_CONVERSION = YES_AGGRESSIVE;
				CLANG_CXX_LANGUAGE_STANDARD = "gnu++14";
				CLANG_CXX_LIBRARY = "libc++";
				CLANG_ENABLE_MODULES = YES;
				CLANG_ENABLE_OBJC_ARC = YES;
				CLANG_ENABLE_OBJC_WEAK = YES;
				CLANG_WARN_BLOCK_CAPTURE_AUTORELEASING = YES;
				CLANG_WARN_BOOL_CONVERSION = YES;
				CLANG_WARN_COMMA = YES;
				CLANG_WARN_CONSTANT_CONVERSION = YES;
				CLANG_WARN_DEPRECATED_OBJC_IMPLEMENTATIONS = YES;
				CLANG_WARN_DIRECT_OBJC_ISA_USAGE = YES_ERROR;
				CLANG_WARN_DOCUMENTATION_COMMENTS = YES;
				CLANG_WARN_EMPTY_BODY = YES;
				CLANG_WARN_ENUM_CONVERSION = YES;
				CLANG_WARN_INFINITE_RECURSION = YES;
				CLANG_WARN_INT_CONVERSION = YES;
				CLANG_WARN_NON_LITERAL_NULL_CONVERSION = YES;
				CLANG_WARN_OBJC_IMPLICIT_RETAIN_SELF = YES;
				CLANG_WARN_OBJC_LITERAL_CONVERSION = YES;
				CLANG_WARN_OBJC_ROOT_CLASS = YES_ERROR;
				CLANG_WARN_RANGE_LOOP_ANALYSIS = YES;
				CLANG_WARN_STRICT_PROTOTYPES = YES;
				CLANG_WARN_SUSPICIOUS_MOVE = YES;
				CLANG_WARN_UNGUARDED_AVAILABILITY = YES_AGGRESSIVE;
				CLANG_WARN_UNREACHABLE_CODE = YES;
				CLANG_WARN__DUPLICATE_METHOD_MATCH = YES;
				COPY_PHASE_STRIP = NO;
				DEBUG_INFORMATION_FORMAT = "dwarf-with-dsym";
				ENABLE_NS_ASSERTIONS = NO;
				ENABLE_STRICT_OBJC_MSGSEND = YES;
				GCC_C_LANGUAGE_STANDARD = gnu11;
				GCC_NO_COMMON_BLOCKS = YES;
				GCC_WARN_64_TO_32_BIT_CONVERSION = YES;
				GCC_WARN_ABOUT_RETURN_TYPE = YES_ERROR;
				GCC_WARN_UNDECLARED_SELECTOR = YES;
				GCC_WARN_UNINITIALIZED_AUTOS = YES_AGGRESSIVE;
				GCC_WARN_UNUSED_FUNCTION = YES;
				GCC_WARN_UNUSED_VARIABLE = YES;
				IPHONEOS_DEPLOYMENT_TARGET = 13.4;
				MTL_ENABLE_DEBUG_INFO = NO;
				MTL_FAST_MATH = YES;
				SDKROOT = iphoneos;
				SWIFT_COMPILATION_MODE = wholemodule;
				SWIFT_OPTIMIZATION_LEVEL = "-O";
				VALIDATE_PRODUCT = YES;
			};
			name = Release;
		};
		521A61E0243D35B700E298D3 /* Debug */ = {
			isa = XCBuildConfiguration;
			buildSettings = {
				ASSETCATALOG_COMPILER_APPICON_NAME = AppIcon;
				CODE_SIGN_STYLE = Automatic;
				DEVELOPMENT_TEAM = 83DYP84L8W;
				INFOPLIST_FILE = "KVO-IOS_Project/Info.plist";
				LD_RUNPATH_SEARCH_PATHS = (
					"$(inherited)",
					"@executable_path/Frameworks",
				);
				PRODUCT_BUNDLE_IDENTIFIER = "org.pursuit.KVO-IOS-Project";
				PRODUCT_NAME = "$(TARGET_NAME)";
				SWIFT_VERSION = 5.0;
				TARGETED_DEVICE_FAMILY = "1,2";
			};
			name = Debug;
		};
		521A61E1243D35B700E298D3 /* Release */ = {
			isa = XCBuildConfiguration;
			buildSettings = {
				ASSETCATALOG_COMPILER_APPICON_NAME = AppIcon;
				CODE_SIGN_STYLE = Automatic;
				DEVELOPMENT_TEAM = 83DYP84L8W;
				INFOPLIST_FILE = "KVO-IOS_Project/Info.plist";
				LD_RUNPATH_SEARCH_PATHS = (
					"$(inherited)",
					"@executable_path/Frameworks",
				);
				PRODUCT_BUNDLE_IDENTIFIER = "org.pursuit.KVO-IOS-Project";
				PRODUCT_NAME = "$(TARGET_NAME)";
				SWIFT_VERSION = 5.0;
				TARGETED_DEVICE_FAMILY = "1,2";
			};
			name = Release;
		};
/* End XCBuildConfiguration section */

/* Begin XCConfigurationList section */
		521A61C6243D35B600E298D3 /* Build configuration list for PBXProject "KVO-IOS_Project" */ = {
			isa = XCConfigurationList;
			buildConfigurations = (
				521A61DD243D35B700E298D3 /* Debug */,
				521A61DE243D35B700E298D3 /* Release */,
			);
			defaultConfigurationIsVisible = 0;
			defaultConfigurationName = Release;
		};
		521A61DF243D35B700E298D3 /* Build configuration list for PBXNativeTarget "KVO-IOS_Project" */ = {
			isa = XCConfigurationList;
			buildConfigurations = (
				521A61E0243D35B700E298D3 /* Debug */,
				521A61E1243D35B700E298D3 /* Release */,
			);
			defaultConfigurationIsVisible = 0;
			defaultConfigurationName = Release;
		};
/* End XCConfigurationList section */
	};
	rootObject = 521A61C3243D35B600E298D3 /* Project object */;
}
